
Microsoft Visual Studio Solution File, Format Version 11.00
# Visual Studio 2010
Project("{FAE04EC0-301F-11D3-BF4B-00C04F79EFBC}") = "Doug, Spencer, Colin Game Project", "Assembly-CSharp-firstpass.csproj", "{DFB33841-F717-B8EA-25FA-34D3E2CD8C2E}"
EndProject
Project("{FAE04EC0-301F-11D3-BF4B-00C04F79EFBC}") = "Doug, Spencer, Colin Game Project", "Assembly-CSharp.csproj", "{FA6DE3AC-0138-1FAA-BEF9-D008C82877B2}"
EndProject
Project("{FAE04EC0-301F-11D3-BF4B-00C04F79EFBC}") = "Doug, Spencer, Colin Game Project", "Assembly-CSharp-Editor-firstpass.csproj", "{FFDC1D97-ED19-4756-AEC0-7E20A49AAC5F}"
EndProject
Project("{FAE04EC0-301F-11D3-BF4B-00C04F79EFBC}") = "Doug, Spencer, Colin Game Project", "Assembly-CSharp-Editor.csproj", "{4EAE6DB1-0636-5DD8-10F1-9B4AE732AE42}"
EndProject
Global
	GlobalSection(SolutionConfigurationPlatforms) = preSolution
		Debug|Any CPU = Debug|Any CPU
		Release|Any CPU = Release|Any CPU
	EndGlobalSection
	GlobalSection(ProjectConfigurationPlatforms) = postSolution
		{DFB33841-F717-B8EA-25FA-34D3E2CD8C2E}.Debug|Any CPU.ActiveCfg = Debug|Any CPU
		{DFB33841-F717-B8EA-25FA-34D3E2CD8C2E}.Debug|Any CPU.Build.0 = Debug|Any CPU
		{DFB33841-F717-B8EA-25FA-34D3E2CD8C2E}.Release|Any CPU.ActiveCfg = Release|Any CPU
		{DFB33841-F717-B8EA-25FA-34D3E2CD8C2E}.Release|Any CPU.Build.0 = Release|Any CPU
		{FA6DE3AC-0138-1FAA-BEF9-D008C82877B2}.Debug|Any CPU.ActiveCfg = Debug|Any CPU
		{FA6DE3AC-0138-1FAA-BEF9-D008C82877B2}.Debug|Any CPU.Build.0 = Debug|Any CPU
		{FA6DE3AC-0138-1FAA-BEF9-D008C82877B2}.Release|Any CPU.ActiveCfg = Release|Any CPU
		{FA6DE3AC-0138-1FAA-BEF9-D008C82877B2}.Release|Any CPU.Build.0 = Release|Any CPU
		{FFDC1D97-ED19-4756-AEC0-7E20A49AAC5F}.Debug|Any CPU.ActiveCfg = Debug|Any CPU
		{FFDC1D97-ED19-4756-AEC0-7E20A49AAC5F}.Debug|Any CPU.Build.0 = Debug|Any CPU
		{FFDC1D97-ED19-4756-AEC0-7E20A49AAC5F}.Release|Any CPU.ActiveCfg = Release|Any CPU
		{FFDC1D97-ED19-4756-AEC0-7E20A49AAC5F}.Release|Any CPU.Build.0 = Release|Any CPU
		{4EAE6DB1-0636-5DD8-10F1-9B4AE732AE42}.Debug|Any CPU.ActiveCfg = Debug|Any CPU
		{4EAE6DB1-0636-5DD8-10F1-9B4AE732AE42}.Debug|Any CPU.Build.0 = Debug|Any CPU
		{4EAE6DB1-0636-5DD8-10F1-9B4AE732AE42}.Release|Any CPU.ActiveCfg = Release|Any CPU
		{4EAE6DB1-0636-5DD8-10F1-9B4AE732AE42}.Release|Any CPU.Build.0 = Release|Any CPU
	EndGlobalSection
	GlobalSection(SolutionProperties) = preSolution
		HideSolutionNode = FALSE
	EndGlobalSection
	GlobalSection(MonoDevelopProperties) = preSolution
		StartupItem = Assembly-CSharp.csproj
	EndGlobalSection
EndGlobal
